
Microsoft Visual Studio Solution File, Format Version 12.00
# Visual Studio Version 16
VisualStudioVersion = 25.0.1705.4
MinimumVisualStudioVersion = 10.0.40219.1
Project("{FAE04EC0-301F-11D3-BF4B-00C04F79EFBC}") = "TechObjektBackend", "TechObjektBackend\TechObjektBackend.csproj", "{B646DC40-6257-481A-8019-C9CA566AE0F1}"
EndProject
Project("{FAE04EC0-301F-11D3-BF4B-00C04F79EFBC}") = "TechObjektBackend.Tests", "TechObjektBackend.Tests\TechObjektBackend.Tests.csproj", "{44BB6A22-2E9F-4535-AC57-02FF698EC102}"
EndProject
Global
	GlobalSection(SolutionConfigurationPlatforms) = preSolution
		Debug|Any CPU = Debug|Any CPU
		Release|Any CPU = Release|Any CPU
	EndGlobalSection
	GlobalSection(ProjectConfigurationPlatforms) = postSolution
		{B646DC40-6257-481A-8019-C9CA566AE0F1}.Debug|Any CPU.ActiveCfg = Debug|Any CPU
		{B646DC40-6257-481A-8019-C9CA566AE0F1}.Debug|Any CPU.Build.0 = Debug|Any CPU
		{B646DC40-6257-481A-8019-C9CA566AE0F1}.Release|Any CPU.ActiveCfg = Release|Any CPU
		{B646DC40-6257-481A-8019-C9CA566AE0F1}.Release|Any CPU.Build.0 = Release|Any CPU
		{44BB6A22-2E9F-4535-AC57-02FF698EC102}.Debug|Any CPU.ActiveCfg = Debug|Any CPU
		{44BB6A22-2E9F-4535-AC57-02FF698EC102}.Debug|Any CPU.Build.0 = Debug|Any CPU
		{44BB6A22-2E9F-4535-AC57-02FF698EC102}.Release|Any CPU.ActiveCfg = Release|Any CPU
		{44BB6A22-2E9F-4535-AC57-02FF698EC102}.Release|Any CPU.Build.0 = Release|Any CPU
	EndGlobalSection
	GlobalSection(SolutionProperties) = preSolution
		HideSolutionNode = FALSE
	EndGlobalSection
	GlobalSection(ExtensibilityGlobals) = postSolution
		SolutionGuid = {CD333029-8436-4D10-993F-6833DD12A6C5}
	EndGlobalSection
EndGlobal
